
Microsoft Visual Studio Solution File, Format Version 12.00
# Visual Studio Version 17
VisualStudioVersion = 17.4.33110.190
MinimumVisualStudioVersion = 10.0.40219.1
Project("{FAE04EC0-301F-11D3-BF4B-00C04F79EFBC}") = "Homework1", "Homework1\Homework1.csproj", "{C24C4E72-FC68-4C58-9454-06AE80760296}"
EndProject
Global
	GlobalSection(SolutionConfigurationPlatforms) = preSolution
		Debug|Any CPU = Debug|Any CPU
		Release|Any CPU = Release|Any CPU
	EndGlobalSection
	GlobalSection(ProjectConfigurationPlatforms) = postSolution
		{C24C4E72-FC68-4C58-9454-06AE80760296}.Debug|Any CPU.ActiveCfg = Debug|Any CPU
		{C24C4E72-FC68-4C58-9454-06AE80760296}.Debug|Any CPU.Build.0 = Debug|Any CPU
		{C24C4E72-FC68-4C58-9454-06AE80760296}.Release|Any CPU.ActiveCfg = Release|Any CPU
		{C24C4E72-FC68-4C58-9454-06AE80760296}.Release|Any CPU.Build.0 = Release|Any CPU
	EndGlobalSection
	GlobalSection(SolutionProperties) = preSolution
		HideSolutionNode = FALSE
	EndGlobalSection
	GlobalSection(ExtensibilityGlobals) = postSolution
		SolutionGuid = {CFB2F2D2-B42E-407A-B565-38E55BB4D4F6}
	EndGlobalSection
EndGlobal
